// !$*UTF8*$!
{
	archiveVersion = 1;
	classes = {
	};
	objectVersion = 46;
	objects = {

/* Begin PBXBuildFile section */
		0383EE771A386AFA008EAA59 /* Foundation.framework in Frameworks */ = {isa = PBXBuildFile; fileRef = 0383EE761A386AFA008EAA59 /* Foundation.framework */; };
		0383EE7C1A386AFA008EAA59 /* GoogleAnalyticsUniversal.h in CopyFiles */ = {isa = PBXBuildFile; fileRef = 0383EE7B1A386AFA008EAA59 /* GoogleAnalyticsUniversal.h */; };
		0383EE7E1A386AFA008EAA59 /* GoogleAnalyticsUniversal.m in Sources */ = {isa = PBXBuildFile; fileRef = 0383EE7D1A386AFA008EAA59 /* GoogleAnalyticsUniversal.m */; };
		0383EE851A386AFA008EAA59 /* XCTest.framework in Frameworks */ = {isa = PBXBuildFile; fileRef = 0383EE841A386AFA008EAA59 /* XCTest.framework */; };
		0383EE861A386AFA008EAA59 /* Foundation.framework in Frameworks */ = {isa = PBXBuildFile; fileRef = 0383EE761A386AFA008EAA59 /* Foundation.framework */; };
		0383EE881A386AFA008EAA59 /* UIKit.framework in Frameworks */ = {isa = PBXBuildFile; fileRef = 0383EE871A386AFA008EAA59 /* UIKit.framework */; };
		0383EE8B1A386AFA008EAA59 /* libGoogleAnalyticsUniversal.a in Frameworks */ = {isa = PBXBuildFile; fileRef = 0383EE731A386AFA008EAA59 /* libGoogleAnalyticsUniversal.a */; };
		0383EE911A386AFA008EAA59 /* InfoPlist.strings in Resources */ = {isa = PBXBuildFile; fileRef = 0383EE8F1A386AFA008EAA59 /* InfoPlist.strings */; };
		0383EE931A386AFA008EAA59 /* GoogleAnalyticsUniversalTests.m in Sources */ = {isa = PBXBuildFile; fileRef = 0383EE921A386AFA008EAA59 /* GoogleAnalyticsUniversalTests.m */; };
/* End PBXBuildFile section */

/* Begin PBXContainerItemProxy section */
		0383EE891A386AFA008EAA59 /* PBXContainerItemProxy */ = {
			isa = PBXContainerItemProxy;
			containerPortal = 0383EE6B1A386AFA008EAA59 /* Project object */;
			proxyType = 1;
			remoteGlobalIDString = 0383EE721A386AFA008EAA59;
			remoteInfo = GoogleAnalyticsUniversal;
		};
/* End PBXContainerItemProxy section */

/* Begin PBXCopyFilesBuildPhase section */
		0383EE711A386AFA008EAA59 /* CopyFiles */ = {
			isa = PBXCopyFilesBuildPhase;
			buildActionMask = 2147483647;
			dstPath = "include/$(PRODUCT_NAME)";
			dstSubfolderSpec = 16;
			files = (
				0383EE7C1A386AFA008EAA59 /* GoogleAnalyticsUniversal.h in CopyFiles */,
			);
			runOnlyForDeploymentPostprocessing = 0;
		};
/* End PBXCopyFilesBuildPhase section */

/* Begin PBXFileReference section */
		0383EE731A386AFA008EAA59 /* libGoogleAnalyticsUniversal.a */ = {isa = PBXFileReference; explicitFileType = archive.ar; includeInIndex = 0; path = libGoogleAnalyticsUniversal.a; sourceTree = BUILT_PRODUCTS_DIR; };
		0383EE761A386AFA008EAA59 /* Foundation.framework */ = {isa = PBXFileReference; lastKnownFileType = wrapper.framework; name = Foundation.framework; path = System/Library/Frameworks/Foundation.framework; sourceTree = SDKROOT; };
		0383EE7A1A386AFA008EAA59 /* GoogleAnalyticsUniversal-Prefix.pch */ = {isa = PBXFileReference; lastKnownFileType = sourcecode.c.h; path = "GoogleAnalyticsUniversal-Prefix.pch"; sourceTree = "<group>"; };
		0383EE7B1A386AFA008EAA59 /* GoogleAnalyticsUniversal.h */ = {isa = PBXFileReference; lastKnownFileType = sourcecode.c.h; path = GoogleAnalyticsUniversal.h; sourceTree = "<group>"; };
		0383EE7D1A386AFA008EAA59 /* GoogleAnalyticsUniversal.m */ = {isa = PBXFileReference; lastKnownFileType = sourcecode.c.objc; path = GoogleAnalyticsUniversal.m; sourceTree = "<group>"; };
		0383EE831A386AFA008EAA59 /* GoogleAnalyticsUniversalTests.xctest */ = {isa = PBXFileReference; explicitFileType = wrapper.cfbundle; includeInIndex = 0; path = GoogleAnalyticsUniversalTests.xctest; sourceTree = BUILT_PRODUCTS_DIR; };
		0383EE841A386AFA008EAA59 /* XCTest.framework */ = {isa = PBXFileReference; lastKnownFileType = wrapper.framework; name = XCTest.framework; path = Library/Frameworks/XCTest.framework; sourceTree = DEVELOPER_DIR; };
		0383EE871A386AFA008EAA59 /* UIKit.framework */ = {isa = PBXFileReference; lastKnownFileType = wrapper.framework; name = UIKit.framework; path = Library/Frameworks/UIKit.framework; sourceTree = DEVELOPER_DIR; };
		0383EE8E1A386AFA008EAA59 /* GoogleAnalyticsUniversalTests-Info.plist */ = {isa = PBXFileReference; lastKnownFileType = text.plist.xml; path = "GoogleAnalyticsUniversalTests-Info.plist"; sourceTree = "<group>"; };
		0383EE901A386AFA008EAA59 /* en */ = {isa = PBXFileReference; lastKnownFileType = text.plist.strings; name = en; path = en.lproj/InfoPlist.strings; sourceTree = "<group>"; };
		0383EE921A386AFA008EAA59 /* GoogleAnalyticsUniversalTests.m */ = {isa = PBXFileReference; lastKnownFileType = sourcecode.c.objc; path = GoogleAnalyticsUniversalTests.m; sourceTree = "<group>"; };
/* End PBXFileReference section */

/* Begin PBXFrameworksBuildPhase section */
		0383EE701A386AFA008EAA59 /* Frameworks */ = {
			isa = PBXFrameworksBuildPhase;
			buildActionMask = 2147483647;
			files = (
				0383EE771A386AFA008EAA59 /* Foundation.framework in Frameworks */,
			);
			runOnlyForDeploymentPostprocessing = 0;
		};
		0383EE801A386AFA008EAA59 /* Frameworks */ = {
			isa = PBXFrameworksBuildPhase;
			buildActionMask = 2147483647;
			files = (
				0383EE851A386AFA008EAA59 /* XCTest.framework in Frameworks */,
				0383EE8B1A386AFA008EAA59 /* libGoogleAnalyticsUniversal.a in Frameworks */,
				0383EE881A386AFA008EAA59 /* UIKit.framework in Frameworks */,
				0383EE861A386AFA008EAA59 /* Foundation.framework in Frameworks */,
			);
			runOnlyForDeploymentPostprocessing = 0;
		};
/* End PBXFrameworksBuildPhase section */

/* Begin PBXGroup section */
		0383EE6A1A386AFA008EAA59 = {
			isa = PBXGroup;
			children = (
				0383EE781A386AFA008EAA59 /* GoogleAnalyticsUniversal */,
				0383EE8C1A386AFA008EAA59 /* GoogleAnalyticsUniversalTests */,
				0383EE751A386AFA008EAA59 /* Frameworks */,
				0383EE741A386AFA008EAA59 /* Products */,
			);
			sourceTree = "<group>";
		};
		0383EE741A386AFA008EAA59 /* Products */ = {
			isa = PBXGroup;
			children = (
				0383EE731A386AFA008EAA59 /* libGoogleAnalyticsUniversal.a */,
				0383EE831A386AFA008EAA59 /* GoogleAnalyticsUniversalTests.xctest */,
			);
			name = Products;
			sourceTree = "<group>";
		};
		0383EE751A386AFA008EAA59 /* Frameworks */ = {
			isa = PBXGroup;
			children = (
				0383EE761A386AFA008EAA59 /* Foundation.framework */,
				0383EE841A386AFA008EAA59 /* XCTest.framework */,
				0383EE871A386AFA008EAA59 /* UIKit.framework */,
			);
			name = Frameworks;
			sourceTree = "<group>";
		};
		0383EE781A386AFA008EAA59 /* GoogleAnalyticsUniversal */ = {
			isa = PBXGroup;
			children = (
				0383EE7B1A386AFA008EAA59 /* GoogleAnalyticsUniversal.h */,
				0383EE7D1A386AFA008EAA59 /* GoogleAnalyticsUniversal.m */,
				0383EE791A386AFA008EAA59 /* Supporting Files */,
			);
			path = GoogleAnalyticsUniversal;
			sourceTree = "<group>";
		};
		0383EE791A386AFA008EAA59 /* Supporting Files */ = {
			isa = PBXGroup;
			children = (
				0383EE7A1A386AFA008EAA59 /* GoogleAnalyticsUniversal-Prefix.pch */,
			);
			name = "Supporting Files";
			sourceTree = "<group>";
		};
		0383EE8C1A386AFA008EAA59 /* GoogleAnalyticsUniversalTests */ = {
			isa = PBXGroup;
			children = (
				0383EE921A386AFA008EAA59 /* GoogleAnalyticsUniversalTests.m */,
				0383EE8D1A386AFA008EAA59 /* Supporting Files */,
			);
			path = GoogleAnalyticsUniversalTests;
			sourceTree = "<group>";
		};
		0383EE8D1A386AFA008EAA59 /* Supporting Files */ = {
			isa = PBXGroup;
			children = (
				0383EE8E1A386AFA008EAA59 /* GoogleAnalyticsUniversalTests-Info.plist */,
				0383EE8F1A386AFA008EAA59 /* InfoPlist.strings */,
			);
			name = "Supporting Files";
			sourceTree = "<group>";
		};
/* End PBXGroup section */

/* Begin PBXNativeTarget section */
		0383EE721A386AFA008EAA59 /* GoogleAnalyticsUniversal */ = {
			isa = PBXNativeTarget;
			buildConfigurationList = 0383EE961A386AFA008EAA59 /* Build configuration list for PBXNativeTarget "GoogleAnalyticsUniversal" */;
			buildPhases = (
				0383EE6F1A386AFA008EAA59 /* Sources */,
				0383EE701A386AFA008EAA59 /* Frameworks */,
				0383EE711A386AFA008EAA59 /* CopyFiles */,
			);
			buildRules = (
			);
			dependencies = (
			);
			name = GoogleAnalyticsUniversal;
			productName = GoogleAnalyticsUniversal;
			productReference = 0383EE731A386AFA008EAA59 /* libGoogleAnalyticsUniversal.a */;
			productType = "com.apple.product-type.library.static";
		};
		0383EE821A386AFA008EAA59 /* GoogleAnalyticsUniversalTests */ = {
			isa = PBXNativeTarget;
			buildConfigurationList = 0383EE991A386AFA008EAA59 /* Build configuration list for PBXNativeTarget "GoogleAnalyticsUniversalTests" */;
			buildPhases = (
				0383EE7F1A386AFA008EAA59 /* Sources */,
				0383EE801A386AFA008EAA59 /* Frameworks */,
				0383EE811A386AFA008EAA59 /* Resources */,
			);
			buildRules = (
			);
			dependencies = (
				0383EE8A1A386AFA008EAA59 /* PBXTargetDependency */,
			);
			name = GoogleAnalyticsUniversalTests;
			productName = GoogleAnalyticsUniversalTests;
			productReference = 0383EE831A386AFA008EAA59 /* GoogleAnalyticsUniversalTests.xctest */;
			productType = "com.apple.product-type.bundle.unit-test";
		};
/* End PBXNativeTarget section */

/* Begin PBXProject section */
		0383EE6B1A386AFA008EAA59 /* Project object */ = {
			isa = PBXProject;
			attributes = {
				LastUpgradeCheck = 0510;
				ORGANIZATIONNAME = KhacPM;
			};
			buildConfigurationList = 0383EE6E1A386AFA008EAA59 /* Build configuration list for PBXProject "GoogleAnalyticsUniversal" */;
			compatibilityVersion = "Xcode 3.2";
			developmentRegion = English;
			hasScannedForEncodings = 0;
			knownRegions = (
				en,
			);
			mainGroup = 0383EE6A1A386AFA008EAA59;
			productRefGroup = 0383EE741A386AFA008EAA59 /* Products */;
			projectDirPath = "";
			projectRoot = "";
			targets = (
				0383EE721A386AFA008EAA59 /* GoogleAnalyticsUniversal */,
				0383EE821A386AFA008EAA59 /* GoogleAnalyticsUniversalTests */,
			);
		};
/* End PBXProject section */

/* Begin PBXResourcesBuildPhase section */
		0383EE811A386AFA008EAA59 /* Resources */ = {
			isa = PBXResourcesBuildPhase;
			buildActionMask = 2147483647;
			files = (
				0383EE911A386AFA008EAA59 /* InfoPlist.strings in Resources */,
			);
			runOnlyForDeploymentPostprocessing = 0;
		};
/* End PBXResourcesBuildPhase section */

/* Begin PBXSourcesBuildPhase section */
		0383EE6F1A386AFA008EAA59 /* Sources */ = {
			isa = PBXSourcesBuildPhase;
			buildActionMask = 2147483647;
			files = (
				0383EE7E1A386AFA008EAA59 /* GoogleAnalyticsUniversal.m in Sources */,
			);
			runOnlyForDeploymentPostprocessing = 0;
		};
		0383EE7F1A386AFA008EAA59 /* Sources */ = {
			isa = PBXSourcesBuildPhase;
			buildActionMask = 2147483647;
			files = (
				0383EE931A386AFA008EAA59 /* GoogleAnalyticsUniversalTests.m in Sources */,
			);
			runOnlyForDeploymentPostprocessing = 0;
		};
/* End PBXSourcesBuildPhase section */

/* Begin PBXTargetDependency section */
		0383EE8A1A386AFA008EAA59 /* PBXTargetDependency */ = {
			isa = PBXTargetDependency;
			target = 0383EE721A386AFA008EAA59 /* GoogleAnalyticsUniversal */;
			targetProxy = 0383EE891A386AFA008EAA59 /* PBXContainerItemProxy */;
		};
/* End PBXTargetDependency section */

/* Begin PBXVariantGroup section */
		0383EE8F1A386AFA008EAA59 /* InfoPlist.strings */ = {
			isa = PBXVariantGroup;
			children = (
				0383EE901A386AFA008EAA59 /* en */,
			);
			name = InfoPlist.strings;
			sourceTree = "<group>";
		};
/* End PBXVariantGroup section */

/* Begin XCBuildConfiguration section */
		0383EE941A386AFA008EAA59 /* Debug */ = {
			isa = XCBuildConfiguration;
			buildSettings = {
				ALWAYS_SEARCH_USER_PATHS = NO;
				CLANG_CXX_LANGUAGE_STANDARD = "gnu++0x";
				CLANG_CXX_LIBRARY = "libc++";
				CLANG_ENABLE_MODULES = YES;
				CLANG_ENABLE_OBJC_ARC = YES;
				CLANG_WARN_BOOL_CONVERSION = YES;
				CLANG_WARN_CONSTANT_CONVERSION = YES;
				CLANG_WARN_DIRECT_OBJC_ISA_USAGE = YES_ERROR;
				CLANG_WARN_EMPTY_BODY = YES;
				CLANG_WARN_ENUM_CONVERSION = YES;
				CLANG_WARN_INT_CONVERSION = YES;
				CLANG_WARN_OBJC_ROOT_CLASS = YES_ERROR;
				CLANG_WARN__DUPLICATE_METHOD_MATCH = YES;
				COPY_PHASE_STRIP = NO;
				GCC_C_LANGUAGE_STANDARD = gnu99;
				GCC_DYNAMIC_NO_PIC = NO;
				GCC_OPTIMIZATION_LEVEL = 0;
				GCC_PREPROCESSOR_DEFINITIONS = (
					"DEBUG=1",
					"$(inherited)",
				);
				GCC_SYMBOLS_PRIVATE_EXTERN = NO;
				GCC_WARN_64_TO_32_BIT_CONVERSION = YES;
				GCC_WARN_ABOUT_RETURN_TYPE = YES_ERROR;
				GCC_WARN_UNDECLARED_SELECTOR = YES;
				GCC_WARN_UNINITIALIZED_AUTOS = YES_AGGRESSIVE;
				GCC_WARN_UNUSED_FUNCTION = YES;
				GCC_WARN_UNUSED_VARIABLE = YES;
				IPHONEOS_DEPLOYMENT_TARGET = 7.1;
				ONLY_ACTIVE_ARCH = YES;
				SDKROOT = iphoneos;
			};
			name = Debug;
		};
		0383EE951A386AFA008EAA59 /* Release */ = {
			isa = XCBuildConfiguration;
			buildSettings = {
				ALWAYS_SEARCH_USER_PATHS = NO;
				CLANG_CXX_LANGUAGE_STANDARD = "gnu++0x";
				CLANG_CXX_LIBRARY = "libc++";
				CLANG_ENABLE_MODULES = YES;
				CLANG_ENABLE_OBJC_ARC = YES;
				CLANG_WARN_BOOL_CONVERSION = YES;
				CLANG_WARN_CONSTANT_CONVERSION = YES;
				CLANG_WARN_DIRECT_OBJC_ISA_USAGE = YES_ERROR;
				CLANG_WARN_EMPTY_BODY = YES;
				CLANG_WARN_ENUM_CONVERSION = YES;
				CLANG_WARN_INT_CONVERSION = YES;
				CLANG_WARN_OBJC_ROOT_CLASS = YES_ERROR;
				CLANG_WARN__DUPLICATE_METHOD_MATCH = YES;
				COPY_PHASE_STRIP = YES;
				ENABLE_NS_ASSERTIONS = NO;
				GCC_C_LANGUAGE_STANDARD = gnu99;
				GCC_WARN_64_TO_32_BIT_CONVERSION = YES;
				GCC_WARN_ABOUT_RETURN_TYPE = YES_ERROR;
				GCC_WARN_UNDECLARED_SELECTOR = YES;
				GCC_WARN_UNINITIALIZED_AUTOS = YES_AGGRESSIVE;
				GCC_WARN_UNUSED_FUNCTION = YES;
				GCC_WARN_UNUSED_VARIABLE = YES;
				IPHONEOS_DEPLOYMENT_TARGET = 7.1;
				SDKROOT = iphoneos;
				VALIDATE_PRODUCT = YES;
			};
			name = Release;
		};
		0383EE971A386AFA008EAA59 /* Debug */ = {
			isa = XCBuildConfiguration;
			buildSettings = {
				DSTROOT = /tmp/GoogleAnalyticsUniversal.dst;
				GCC_PRECOMPILE_PREFIX_HEADER = YES;
				GCC_PREFIX_HEADER = "GoogleAnalyticsUniversal/GoogleAnalyticsUniversal-Prefix.pch";
				OTHER_LDFLAGS = "-ObjC";
				PRODUCT_NAME = "$(TARGET_NAME)";
				SKIP_INSTALL = YES;
			};
			name = Debug;
		};
		0383EE981A386AFA008EAA59 /* Release */ = {
			isa = XCBuildConfiguration;
			buildSettings = {
				DSTROOT = /tmp/GoogleAnalyticsUniversal.dst;
				GCC_PRECOMPILE_PREFIX_HEADER = YES;
				GCC_PREFIX_HEADER = "GoogleAnalyticsUniversal/GoogleAnalyticsUniversal-Prefix.pch";
				OTHER_LDFLAGS = "-ObjC";
				PRODUCT_NAME = "$(TARGET_NAME)";
				SKIP_INSTALL = YES;
			};
			name = Release;
		};
		0383EE9A1A386AFA008EAA59 /* Debug */ = {
			isa = XCBuildConfiguration;
			buildSettings = {
				FRAMEWORK_SEARCH_PATHS = (
					"$(SDKROOT)/Developer/Library/Frameworks",
					"$(inherited)",
					"$(DEVELOPER_FRAMEWORKS_DIR)",
				);
				GCC_PRECOMPILE_PREFIX_HEADER = YES;
				GCC_PREFIX_HEADER = "GoogleAnalyticsUniversal/GoogleAnalyticsUniversal-Prefix.pch";
				GCC_PREPROCESSOR_DEFINITIONS = (
					"DEBUG=1",
					"$(inherited)",
				);
				INFOPLIST_FILE = "GoogleAnalyticsUniversalTests/GoogleAnalyticsUniversalTests-Info.plist";
				PRODUCT_NAME = "$(TARGET_NAME)";
				WRAPPER_EXTENSION = xctest;
			};
			name = Debug;
		};
		0383EE9B1A386AFA008EAA59 /* Release */ = {
			isa = XCBuildConfiguration;
			buildSettings = {
				FRAMEWORK_SEARCH_PATHS = (
					"$(SDKROOT)/Developer/Library/Frameworks",
					"$(inherited)",
					"$(DEVELOPER_FRAMEWORKS_DIR)",
				);
				GCC_PRECOMPILE_PREFIX_HEADER = YES;
				GCC_PREFIX_HEADER = "GoogleAnalyticsUniversal/GoogleAnalyticsUniversal-Prefix.pch";
				INFOPLIST_FILE = "GoogleAnalyticsUniversalTests/GoogleAnalyticsUniversalTests-Info.plist";
				PRODUCT_NAME = "$(TARGET_NAME)";
				WRAPPER_EXTENSION = xctest;
			};
			name = Release;
		};
/* End XCBuildConfiguration section */

/* Begin XCConfigurationList section */
		0383EE6E1A386AFA008EAA59 /* Build configuration list for PBXProject "GoogleAnalyticsUniversal" */ = {
			isa = XCConfigurationList;
			buildConfigurations = (
				0383EE941A386AFA008EAA59 /* Debug */,
				0383EE951A386AFA008EAA59 /* Release */,
			);
			defaultConfigurationIsVisible = 0;
			defaultConfigurationName = Release;
		};
		0383EE961A386AFA008EAA59 /* Build configuration list for PBXNativeTarget "GoogleAnalyticsUniversal" */ = {
			isa = XCConfigurationList;
			buildConfigurations = (
				0383EE971A386AFA008EAA59 /* Debug */,
				0383EE981A386AFA008EAA59 /* Release */,
			);
			defaultConfigurationIsVisible = 0;
		};
		0383EE991A386AFA008EAA59 /* Build configuration list for PBXNativeTarget "GoogleAnalyticsUniversalTests" */ = {
			isa = XCConfigurationList;
			buildConfigurations = (
				0383EE9A1A386AFA008EAA59 /* Debug */,
				0383EE9B1A386AFA008EAA59 /* Release */,
			);
			defaultConfigurationIsVisible = 0;
		};
/* End XCConfigurationList section */
	};
	rootObject = 0383EE6B1A386AFA008EAA59 /* Project object */;
}
